PODS:
  - boost (1.76.0)
  - CleverTap-iOS-SDK (4.2.2):
    - SDWebImage (~> 5.11)
  - clevertap-react-native (1.0.2):
    - CleverTap-iOS-SDK (= 4.2.2)
    - React-Core
  - clevertap-signed-call-react-native (0.0.3):
    - CleverTap-SignedCall-SDK (= 0.0.2)
    - React (< 1.0.0, >= 0.13.0)
  - CleverTap-SignedCall-SDK (0.0.2):
    - CleverTap-iOS-SDK
    - CTSimplePing
    - CTSoftPhone (= 0.0.6-alpha)
    - Socket.IO-Client-Swift (= 16.0.1)
  - CTSimplePing (1.0.1)
  - CTSoftPhone (0.0.6-alpha)
  - DoubleConversion (1.1.6)
  - FBLazyVector (0.70.6)
  - FBReactNativeSpec (0.70.6):
    - RCT-Folly (= 2021.07.22.00)
    - RCTRequired (= 0.70.6)
    - RCTTypeSafety (= 0.70.6)
    - React-Core (= 0.70.6)
    - React-jsi (= 0.70.6)
    - ReactCommon/turbomodule/core (= 0.70.6)
  - fmt (6.2.1)
  - glog (0.3.5)
  - Permission-Camera (3.8.0):
    - RNPermissions
  - Permission-Microphone (3.8.0):
    - RNPermissions
  - RCT-Folly (2021.07.22.00):
    - boost
    - DoubleConversion
    - fmt (~> 6.2.1)
    - glog
    - RCT-Folly/Default (= 2021.07.22.00)
  - RCT-Folly/Default (2021.07.22.00):
    - boost
    - DoubleConversion
    - fmt (~> 6.2.1)
    - glog
  - RCTRequired (0.70.6)
  - RCTTypeSafety (0.70.6):
    - FBLazyVector (= 0.70.6)
    - RCTRequired (= 0.70.6)
    - React-Core (= 0.70.6)
  - React (0.70.6):
    - React-Core (= 0.70.6)
    - React-Core/DevSupport (= 0.70.6)
    - React-Core/RCTWebSocket (= 0.70.6)
    - React-RCTActionSheet (= 0.70.6)
    - React-RCTAnimation (= 0.70.6)
    - React-RCTBlob (= 0.70.6)
    - React-RCTImage (= 0.70.6)
    - React-RCTLinking (= 0.70.6)
    - React-RCTNetwork (= 0.70.6)
    - React-RCTSettings (= 0.70.6)
    - React-RCTText (= 0.70.6)
    - React-RCTVibration (= 0.70.6)
  - React-bridging (0.70.6):
    - RCT-Folly (= 2021.07.22.00)
    - React-jsi (= 0.70.6)
  - React-callinvoker (0.70.6)
  - React-Codegen (0.70.6):
    - FBReactNativeSpec (= 0.70.6)
    - RCT-Folly (= 2021.07.22.00)
    - RCTRequired (= 0.70.6)
    - RCTTypeSafety (= 0.70.6)
    - React-Core (= 0.70.6)
    - React-jsi (= 0.70.6)
    - React-jsiexecutor (= 0.70.6)
    - ReactCommon/turbomodule/core (= 0.70.6)
  - React-Core (0.70.6):
    - glog
    - RCT-Folly (= 2021.07.22.00)
    - React-Core/Default (= 0.70.6)
    - React-cxxreact (= 0.70.6)
    - React-jsi (= 0.70.6)
    - React-jsiexecutor (= 0.70.6)
    - React-perflogger (= 0.70.6)
    - Yoga
  - React-Core/CoreModulesHeaders (0.70.6):
    - glog
    - RCT-Folly (= 2021.07.22.00)
    - React-Core/Default
    - React-cxxreact (= 0.70.6)
    - React-jsi (= 0.70.6)
    - React-jsiexecutor (= 0.70.6)
    - React-perflogger (= 0.70.6)
    - Yoga
  - React-Core/Default (0.70.6):
    - glog
    - RCT-Folly (= 2021.07.22.00)
    - React-cxxreact (= 0.70.6)
    - React-jsi (= 0.70.6)
    - React-jsiexecutor (= 0.70.6)
    - React-perflogger (= 0.70.6)
    - Yoga
  - React-Core/DevSupport (0.70.6):
    - glog
    - RCT-Folly (= 2021.07.22.00)
    - React-Core/Default (= 0.70.6)
    - React-Core/RCTWebSocket (= 0.70.6)
    - React-cxxreact (= 0.70.6)
    - React-jsi (= 0.70.6)
    - React-jsiexecutor (= 0.70.6)
    - React-jsinspector (= 0.70.6)
    - React-perflogger (= 0.70.6)
    - Yoga
  - React-Core/RCTActionSheetHeaders (0.70.6):
    - glog
    - RCT-Folly (= 2021.07.22.00)
    - React-Core/Default
    - React-cxxreact (= 0.70.6)
    - React-jsi (= 0.70.6)
    - React-jsiexecutor (= 0.70.6)
    - React-perflogger (= 0.70.6)
    - Yoga
  - React-Core/RCTAnimationHeaders (0.70.6):
    - glog
    - RCT-Folly (= 2021.07.22.00)
    - React-Core/Default
    - React-cxxreact (= 0.70.6)
    - React-jsi (= 0.70.6)
    - React-jsiexecutor (= 0.70.6)
    - React-perflogger (= 0.70.6)
    - Yoga
  - React-Core/RCTBlobHeaders (0.70.6):
    - glog
    - RCT-Folly (= 2021.07.22.00)
    - React-Core/Default
    - React-cxxreact (= 0.70.6)
    - React-jsi (= 0.70.6)
    - React-jsiexecutor (= 0.70.6)
    - React-perflogger (= 0.70.6)
    - Yoga
  - React-Core/RCTImageHeaders (0.70.6):
    - glog
    - RCT-Folly (= 2021.07.22.00)
    - React-Core/Default
    - React-cxxreact (= 0.70.6)
    - React-jsi (= 0.70.6)
    - React-jsiexecutor (= 0.70.6)
    - React-perflogger (= 0.70.6)
    - Yoga
  - React-Core/RCTLinkingHeaders (0.70.6):
    - glog
    - RCT-Folly (= 2021.07.22.00)
    - React-Core/Default
    - React-cxxreact (= 0.70.6)
    - React-jsi (= 0.70.6)
    - React-jsiexecutor (= 0.70.6)
    - React-perflogger (= 0.70.6)
    - Yoga
  - React-Core/RCTNetworkHeaders (0.70.6):
    - glog
    - RCT-Folly (= 2021.07.22.00)
    - React-Core/Default
    - React-cxxreact (= 0.70.6)
    - React-jsi (= 0.70.6)
    - React-jsiexecutor (= 0.70.6)
    - React-perflogger (= 0.70.6)
    - Yoga
  - React-Core/RCTSettingsHeaders (0.70.6):
    - glog
    - RCT-Folly (= 2021.07.22.00)
    - React-Core/Default
    - React-cxxreact (= 0.70.6)
    - React-jsi (= 0.70.6)
    - React-jsiexecutor (= 0.70.6)
    - React-perflogger (= 0.70.6)
    - Yoga
  - React-Core/RCTTextHeaders (0.70.6):
    - glog
    - RCT-Folly (= 2021.07.22.00)
    - React-Core/Default
    - React-cxxreact (= 0.70.6)
    - React-jsi (= 0.70.6)
    - React-jsiexecutor (= 0.70.6)
    - React-perflogger (= 0.70.6)
    - Yoga
  - React-Core/RCTVibrationHeaders (0.70.6):
    - glog
    - RCT-Folly (= 2021.07.22.00)
    - React-Core/Default
    - React-cxxreact (= 0.70.6)
    - React-jsi (= 0.70.6)
    - React-jsiexecutor (= 0.70.6)
    - React-perflogger (= 0.70.6)
    - Yoga
  - React-Core/RCTWebSocket (0.70.6):
    - glog
    - RCT-Folly (= 2021.07.22.00)
    - React-Core/Default (= 0.70.6)
    - React-cxxreact (= 0.70.6)
    - React-jsi (= 0.70.6)
    - React-jsiexecutor (= 0.70.6)
    - React-perflogger (= 0.70.6)
    - Yoga
  - React-CoreModules (0.70.6):
    - RCT-Folly (= 2021.07.22.00)
    - RCTTypeSafety (= 0.70.6)
    - React-Codegen (= 0.70.6)
    - React-Core/CoreModulesHeaders (= 0.70.6)
    - React-jsi (= 0.70.6)
    - React-RCTImage (= 0.70.6)
    - ReactCommon/turbomodule/core (= 0.70.6)
  - React-cxxreact (0.70.6):
    - boost (= 1.76.0)
    - DoubleConversion
    - glog
    - RCT-Folly (= 2021.07.22.00)
    - React-callinvoker (= 0.70.6)
    - React-jsi (= 0.70.6)
    - React-jsinspector (= 0.70.6)
    - React-logger (= 0.70.6)
    - React-perflogger (= 0.70.6)
    - React-runtimeexecutor (= 0.70.6)
  - React-jsi (0.70.6):
    - boost (= 1.76.0)
    - DoubleConversion
    - glog
    - RCT-Folly (= 2021.07.22.00)
    - React-jsi/Default (= 0.70.6)
  - React-jsi/Default (0.70.6):
    - boost (= 1.76.0)
    - DoubleConversion
    - glog
    - RCT-Folly (= 2021.07.22.00)
  - React-jsiexecutor (0.70.6):
    - DoubleConversion
    - glog
    - RCT-Folly (= 2021.07.22.00)
    - React-cxxreact (= 0.70.6)
    - React-jsi (= 0.70.6)
    - React-perflogger (= 0.70.6)
  - React-jsinspector (0.70.6)
  - React-logger (0.70.6):
    - glog
  - react-native-safe-area-context (4.5.1):
    - RCT-Folly
    - RCTRequired
    - RCTTypeSafety
    - React-Core
    - ReactCommon/turbomodule/core
  - React-perflogger (0.70.6)
  - React-RCTActionSheet (0.70.6):
    - React-Core/RCTActionSheetHeaders (= 0.70.6)
  - React-RCTAnimation (0.70.6):
    - RCT-Folly (= 2021.07.22.00)
    - RCTTypeSafety (= 0.70.6)
    - React-Codegen (= 0.70.6)
    - React-Core/RCTAnimationHeaders (= 0.70.6)
    - React-jsi (= 0.70.6)
    - ReactCommon/turbomodule/core (= 0.70.6)
  - React-RCTBlob (0.70.6):
    - RCT-Folly (= 2021.07.22.00)
    - React-Codegen (= 0.70.6)
    - React-Core/RCTBlobHeaders (= 0.70.6)
    - React-Core/RCTWebSocket (= 0.70.6)
    - React-jsi (= 0.70.6)
    - React-RCTNetwork (= 0.70.6)
    - ReactCommon/turbomodule/core (= 0.70.6)
  - React-RCTImage (0.70.6):
    - RCT-Folly (= 2021.07.22.00)
    - RCTTypeSafety (= 0.70.6)
    - React-Codegen (= 0.70.6)
    - React-Core/RCTImageHeaders (= 0.70.6)
    - React-jsi (= 0.70.6)
    - React-RCTNetwork (= 0.70.6)
    - ReactCommon/turbomodule/core (= 0.70.6)
  - React-RCTLinking (0.70.6):
    - React-Codegen (= 0.70.6)
    - React-Core/RCTLinkingHeaders (= 0.70.6)
    - React-jsi (= 0.70.6)
    - ReactCommon/turbomodule/core (= 0.70.6)
  - React-RCTNetwork (0.70.6):
    - RCT-Folly (= 2021.07.22.00)
    - RCTTypeSafety (= 0.70.6)
    - React-Codegen (= 0.70.6)
    - React-Core/RCTNetworkHeaders (= 0.70.6)
    - React-jsi (= 0.70.6)
    - ReactCommon/turbomodule/core (= 0.70.6)
  - React-RCTSettings (0.70.6):
    - RCT-Folly (= 2021.07.22.00)
    - RCTTypeSafety (= 0.70.6)
    - React-Codegen (= 0.70.6)
    - React-Core/RCTSettingsHeaders (= 0.70.6)
    - React-jsi (= 0.70.6)
    - ReactCommon/turbomodule/core (= 0.70.6)
  - React-RCTText (0.70.6):
    - React-Core/RCTTextHeaders (= 0.70.6)
  - React-RCTVibration (0.70.6):
    - RCT-Folly (= 2021.07.22.00)
    - React-Codegen (= 0.70.6)
    - React-Core/RCTVibrationHeaders (= 0.70.6)
    - React-jsi (= 0.70.6)
    - ReactCommon/turbomodule/core (= 0.70.6)
  - React-runtimeexecutor (0.70.6):
    - React-jsi (= 0.70.6)
  - ReactCommon/turbomodule/core (0.70.6):
    - DoubleConversion
    - glog
    - RCT-Folly (= 2021.07.22.00)
    - React-bridging (= 0.70.6)
    - React-callinvoker (= 0.70.6)
    - React-Core (= 0.70.6)
    - React-cxxreact (= 0.70.6)
    - React-jsi (= 0.70.6)
    - React-logger (= 0.70.6)
    - React-perflogger (= 0.70.6)
  - RNCAsyncStorage (1.18.1):
    - React-Core
  - RNPermissions (3.8.0):
    - React-Core
  - RNScreens (3.20.0):
    - React-Core
    - React-RCTImage
  - RNVectorIcons (9.2.0):
    - React-Core
  - SDWebImage (5.15.5):
    - SDWebImage/Core (= 5.15.5)
  - SDWebImage/Core (5.15.5)
  - Socket.IO-Client-Swift (16.0.1):
    - Starscream (~> 4.0)
  - Starscream (4.0.4)
  - Yoga (1.14.0)

DEPENDENCIES:
  - boost (from `../node_modules/react-native/third-party-podspecs/boost.podspec`)
  - clevertap-react-native (from `../node_modules/clevertap-react-native`)
  - clevertap-signed-call-react-native (from `../..`)
  - DoubleConversion (from `../node_modules/react-native/third-party-podspecs/DoubleConversion.podspec`)
  - FBLazyVector (from `../node_modules/react-native/Libraries/FBLazyVector`)
  - FBReactNativeSpec (from `../node_modules/react-native/React/FBReactNativeSpec`)
  - glog (from `../node_modules/react-native/third-party-podspecs/glog.podspec`)
  - Permission-Camera (from `../node_modules/react-native-permissions/ios/Camera/Permission-Camera.podspec`)
  - Permission-Microphone (from `../node_modules/react-native-permissions/ios/Microphone/Permission-Microphone.podspec`)
  - RCT-Folly (from `../node_modules/react-native/third-party-podspecs/RCT-Folly.podspec`)
  - RCTRequired (from `../node_modules/react-native/Libraries/RCTRequired`)
  - RCTTypeSafety (from `../node_modules/react-native/Libraries/TypeSafety`)
  - React (from `../node_modules/react-native/`)
  - React-bridging (from `../node_modules/react-native/ReactCommon`)
  - React-callinvoker (from `../node_modules/react-native/ReactCommon/callinvoker`)
  - React-Codegen (from `build/generated/ios`)
  - React-Core (from `../node_modules/react-native/`)
  - React-Core/RCTWebSocket (from `../node_modules/react-native/`)
  - React-CoreModules (from `../node_modules/react-native/React/CoreModules`)
  - React-cxxreact (from `../node_modules/react-native/ReactCommon/cxxreact`)
  - React-jsi (from `../node_modules/react-native/ReactCommon/jsi`)
  - React-jsiexecutor (from `../node_modules/react-native/ReactCommon/jsiexecutor`)
  - React-jsinspector (from `../node_modules/react-native/ReactCommon/jsinspector`)
  - React-logger (from `../node_modules/react-native/ReactCommon/logger`)
  - react-native-safe-area-context (from `../node_modules/react-native-safe-area-context`)
  - React-perflogger (from `../node_modules/react-native/ReactCommon/reactperflogger`)
  - React-RCTActionSheet (from `../node_modules/react-native/Libraries/ActionSheetIOS`)
  - React-RCTAnimation (from `../node_modules/react-native/Libraries/NativeAnimation`)
  - React-RCTBlob (from `../node_modules/react-native/Libraries/Blob`)
  - React-RCTImage (from `../node_modules/react-native/Libraries/Image`)
  - React-RCTLinking (from `../node_modules/react-native/Libraries/LinkingIOS`)
  - React-RCTNetwork (from `../node_modules/react-native/Libraries/Network`)
  - React-RCTSettings (from `../node_modules/react-native/Libraries/Settings`)
  - React-RCTText (from `../node_modules/react-native/Libraries/Text`)
  - React-RCTVibration (from `../node_modules/react-native/Libraries/Vibration`)
  - React-runtimeexecutor (from `../node_modules/react-native/ReactCommon/runtimeexecutor`)
  - ReactCommon/turbomodule/core (from `../node_modules/react-native/ReactCommon`)
  - "RNCAsyncStorage (from `../node_modules/@react-native-async-storage/async-storage`)"
  - RNPermissions (from `../node_modules/react-native-permissions`)
  - RNScreens (from `../node_modules/react-native-screens`)
  - RNVectorIcons (from `../node_modules/react-native-vector-icons`)
  - Yoga (from `../node_modules/react-native/ReactCommon/yoga`)

SPEC REPOS:
  https://github.com/CleverTap/podspecs.git:
    - CleverTap-SignedCall-SDK
    - CTSimplePing
    - CTSoftPhone
  https://github.com/CocoaPods/Specs.git:
    - CleverTap-iOS-SDK
    - fmt
    - SDWebImage
    - Socket.IO-Client-Swift
    - Starscream

EXTERNAL SOURCES:
  boost:
    :podspec: "../node_modules/react-native/third-party-podspecs/boost.podspec"
  clevertap-react-native:
    :path: "../node_modules/clevertap-react-native"
  clevertap-signed-call-react-native:
    :path: "../.."
  DoubleConversion:
    :podspec: "../node_modules/react-native/third-party-podspecs/DoubleConversion.podspec"
  FBLazyVector:
    :path: "../node_modules/react-native/Libraries/FBLazyVector"
  FBReactNativeSpec:
    :path: "../node_modules/react-native/React/FBReactNativeSpec"
  glog:
    :podspec: "../node_modules/react-native/third-party-podspecs/glog.podspec"
  Permission-Camera:
    :path: "../node_modules/react-native-permissions/ios/Camera/Permission-Camera.podspec"
  Permission-Microphone:
    :path: "../node_modules/react-native-permissions/ios/Microphone/Permission-Microphone.podspec"
  RCT-Folly:
    :podspec: "../node_modules/react-native/third-party-podspecs/RCT-Folly.podspec"
  RCTRequired:
    :path: "../node_modules/react-native/Libraries/RCTRequired"
  RCTTypeSafety:
    :path: "../node_modules/react-native/Libraries/TypeSafety"
  React:
    :path: "../node_modules/react-native/"
  React-bridging:
    :path: "../node_modules/react-native/ReactCommon"
  React-callinvoker:
    :path: "../node_modules/react-native/ReactCommon/callinvoker"
  React-Codegen:
    :path: build/generated/ios
  React-Core:
    :path: "../node_modules/react-native/"
  React-CoreModules:
    :path: "../node_modules/react-native/React/CoreModules"
  React-cxxreact:
    :path: "../node_modules/react-native/ReactCommon/cxxreact"
  React-jsi:
    :path: "../node_modules/react-native/ReactCommon/jsi"
  React-jsiexecutor:
    :path: "../node_modules/react-native/ReactCommon/jsiexecutor"
  React-jsinspector:
    :path: "../node_modules/react-native/ReactCommon/jsinspector"
  React-logger:
    :path: "../node_modules/react-native/ReactCommon/logger"
  react-native-safe-area-context:
    :path: "../node_modules/react-native-safe-area-context"
  React-perflogger:
    :path: "../node_modules/react-native/ReactCommon/reactperflogger"
  React-RCTActionSheet:
    :path: "../node_modules/react-native/Libraries/ActionSheetIOS"
  React-RCTAnimation:
    :path: "../node_modules/react-native/Libraries/NativeAnimation"
  React-RCTBlob:
    :path: "../node_modules/react-native/Libraries/Blob"
  React-RCTImage:
    :path: "../node_modules/react-native/Libraries/Image"
  React-RCTLinking:
    :path: "../node_modules/react-native/Libraries/LinkingIOS"
  React-RCTNetwork:
    :path: "../node_modules/react-native/Libraries/Network"
  React-RCTSettings:
    :path: "../node_modules/react-native/Libraries/Settings"
  React-RCTText:
    :path: "../node_modules/react-native/Libraries/Text"
  React-RCTVibration:
    :path: "../node_modules/react-native/Libraries/Vibration"
  React-runtimeexecutor:
    :path: "../node_modules/react-native/ReactCommon/runtimeexecutor"
  ReactCommon:
    :path: "../node_modules/react-native/ReactCommon"
  RNCAsyncStorage:
    :path: "../node_modules/@react-native-async-storage/async-storage"
  RNPermissions:
    :path: "../node_modules/react-native-permissions"
  RNScreens:
    :path: "../node_modules/react-native-screens"
  RNVectorIcons:
    :path: "../node_modules/react-native-vector-icons"
  Yoga:
    :path: "../node_modules/react-native/ReactCommon/yoga"

SPEC CHECKSUMS:
  boost: a7c83b31436843459a1961bfd74b96033dc77234
  CleverTap-iOS-SDK: 36c21b8a671d87a0f9c7b389b339d02528bbe4d7
  clevertap-react-native: 5b73c22b6d6aa384eb4de7cc23fba5437074a5c8
  clevertap-signed-call-react-native: 5d3abcc6b4b3241adaca1400df2fb6363a6cd13f
  CleverTap-SignedCall-SDK: f5c56d7a686cc253ef8ffe74225091bafe8db3c2
  CTSimplePing: b982a6095f50e8a6fffa1049c0f548e545d6f1a5
  CTSoftPhone: dd535d72050641b55cafea4adca2ce3bd1b26415
  DoubleConversion: 5189b271737e1565bdce30deb4a08d647e3f5f54
  FBLazyVector: 48289402952f4f7a4e235de70a9a590aa0b79ef4
  FBReactNativeSpec: dd1186fd05255e3457baa2f4ca65e94c2cd1e3ac
  fmt: ff9d55029c625d3757ed641535fd4a75fedc7ce9
  glog: 04b94705f318337d7ead9e6d17c019bd9b1f6b1b
  Permission-Camera: e6d142d7d8b714afe0a83e5e6ae17eb949f1e3e9
  Permission-Microphone: 644b1de8bcc2afcaf934e09a22bee507a95796a7
  RCT-Folly: 0080d0a6ebf2577475bda044aa59e2ca1f909cda
  RCTRequired: e1866f61af7049eb3d8e08e8b133abd38bc1ca7a
  RCTTypeSafety: 27c2ac1b00609a432ced1ae701247593f07f901e
  React: bb3e06418d2cc48a84f9666a576c7b38e89cd7db
  React-bridging: 572502ec59c9de30309afdc4932e278214288913
  React-callinvoker: 6b708b79c69f3359d42f1abb4663f620dbd4dadf
  React-Codegen: 74e1cd7cee692a8b983c18df3274b5e749de07c8
  React-Core: b587d0a624f9611b0e032505f3d6f25e8daa2bee
  React-CoreModules: c6ff48b985e7aa622e82ca51c2c353c7803eb04e
  React-cxxreact: ade3d9e63c599afdead3c35f8a8bd12b3da6730b
  React-jsi: 5a3952e0c6d57460ad9ee2c905025b4c28f71087
  React-jsiexecutor: b4a65947391c658450151275aa406f2b8263178f
  React-jsinspector: 60769e5a0a6d4b32294a2456077f59d0266f9a8b
  React-logger: 1623c216abaa88974afce404dc8f479406bbc3a0
  react-native-safe-area-context: f5549f36508b1b7497434baa0cd97d7e470920d4
  React-perflogger: 8c79399b0500a30ee8152d0f9f11beae7fc36595
  React-RCTActionSheet: 7316773acabb374642b926c19aef1c115df5c466
  React-RCTAnimation: 5341e288375451297057391227f691d9b2326c3d
  React-RCTBlob: b0615fc2daf2b5684ade8fadcab659f16f6f0efa
  React-RCTImage: 6487b9600f268ecedcaa86114d97954d31ad4750
  React-RCTLinking: c8018ae9ebfefcec3839d690d4725f8d15e4e4b3
  React-RCTNetwork: 8aa63578741e0fe1205c28d7d4b40dbfdabce8a8
  React-RCTSettings: d00c15ad369cd62242a4dfcc6f277912b4a84ed3
  React-RCTText: f532e5ca52681ecaecea452b3ad7a5b630f50d75
  React-RCTVibration: c75ceef7aa60a33b2d5731ebe5800ddde40cefc4
  React-runtimeexecutor: 15437b576139df27635400de0599d9844f1ab817
  ReactCommon: 349be31adeecffc7986a0de875d7fb0dcf4e251c
  RNCAsyncStorage: b90b71f45b8b97be43bc4284e71a6af48ac9f547
  RNPermissions: 215c54462104b3925b412b0fb3c9c497b21c358b
  RNScreens: 218801c16a2782546d30bd2026bb625c0302d70f
  RNVectorIcons: fcc2f6cb32f5735b586e66d14103a74ce6ad61f8
  SDWebImage: fd7e1a22f00303e058058278639bf6196ee431fe
  Socket.IO-Client-Swift: c116d6dc9fd6be9c259bacfe143f8725bce7d79e
  Starscream: 5178aed56b316f13fa3bc55694e583d35dd414d9
  Yoga: 99caf8d5ab45e9d637ee6e0174ec16fbbb01bcfc

PODFILE CHECKSUM: 2eb995621129209434c200ad5ab1dd04d54990fb

COCOAPODS: 1.11.2
